<Solution>
  <Folder Name="/Camera/">
    <Project Path="Ejemplo_Photo_MediaPicker/Ejemplo_Photo_MediaPicker.csproj" Id="b9e9559a-bfbf-45e1-be27-127f510308b2">
      <Deploy Solution="Debug|*" />
    </Project>
    <Project Path="Ejemplo_Photo_MiMediaPicker/Ejemplo_Photo_MiMediaPicker.csproj" Id="c009f442-a562-47e7-bdbd-faf3eee64eba">
      <Deploy Solution="Debug|*" />
    </Project>
  </Folder>
  <Folder Name="/Camera/Docs/">
    <File Path="Docs_Photo/Readme.md" />
  </Folder>
  <Folder Name="/GPS/">
    <Project Path="Ejemplo_GPS/Ejemplo_GPS.csproj" Id="96dab9f5-6476-4338-b50d-473a33b0eefd">
      <Deploy Solution="Debug|*" />
    </Project>
  </Folder>
  <Folder Name="/GPS/Docs/">
    <File Path="Docs_GPS/Readme.md" />
  </Folder>
  <Folder Name="/Imagen/">
    <Project Path="Ejemplo_Imagen_Normalizacion/Ejemplo_Imagen_Normalizacion.csproj" Id="c322c7dc-65ff-4689-b244-80937c7e8522" />
  </Folder>
  <Folder Name="/QR/">
    <Project Path="Ejemplo_LectorQR/Ejemplo_LectorQR.csproj" Id="42e80caf-5f94-42b4-be26-a16c162d64ab">
      <Deploy Solution="Debug|*" />
    </Project>
    <Project Path="Ejemplo_LectorQR_Dialog/Ejemplo_LectorQR_Dialog.csproj" Id="6f651d01-372e-45a6-808d-5ff5854a6075">
      <Deploy Solution="Debug|*" />
    </Project>
  </Folder>
  <Folder Name="/QR/Docs/">
    <File Path="Docs_QR/QR_frase.png" />
    <File Path="Docs_QR/QR_pirincho.png" />
    <File Path="Readme.md" />
  </Folder>
</Solution>
